github.com/IBM/sarama v1.45.2 h1:8m8LcMCu3REcwpa7fCP6v2fuPuzVwXDAM2DOv3CBrKw=
github.com/davecgh/go-spew v1.1.2-0.20180830191138-d8f796af33cc h1:U9qPSI2PIWSS1VwoXQT9A3Wy9MM3WgvqSxFWenqJduM=
github.com/eapache/go-resiliency v1.7.0 h1:n3NRTnBn5N0Cbi/IeOHuQn9s2UwVUH7Ga0ZWcP+9JTA=
github.com/eapache/go-xerial-snappy v0.0.0-20230731223053-c322873962e3 h1:Oy0F4ALJ04o5Qqpdz8XLIpNA3WM/iSIXqxtqo7UGVws=
github.com/eapache/queue v1.1.0 h1:YOEu7KNc61ntiQlcEeUIoDTJ2o8mQznoNvUhiigpIqc=
github.com/fortytw2/leaktest v1.3.0 h1:u8491cBMTQ8ft8aeV+adlcytMZylmA5nnwwkRZjI8vw=
github.com/golang/snappy v1.0.0 h1:Oy607GVXHs7RtbggtPBnr2RmDArIsAefDwvrdWvRhGs=
github.com/hashicorp/errwrap v1.1.0 h1:OxrOeh75EUXMY8TBjag2fzXGZ40LB6IKw45YeGUDY2I=
github.com/hashicorp/go-multierror v1.1.1 h1:H5DkEtf6CXdFp0N0Em5UCwQpXMWke8IA0+lD48awMYo=
github.com/hashicorp/go-uuid v1.0.3 h1:2gKiV6YVmrJ1i2CKKa9obLvRieoRGviZFL26PcT/Co8=
github.com/jcmturner/aescts/v2 v2.0.0 h1:9YKLH6ey7H4eDBXW8khjYslgyqG2xZikXP0EQFKrle8=
github.com/jcmturner/dnsutils/v2 v2.0.0 h1:lltnkeZGL0wILNvrNiVCR6Ro5PGU/SeBvVO/8c/iPbo=
github.com/jcmturner/gofork v1.7.6 h1:QH0l3hzAU1tfT3rZCnW5zXl+orbkNMMRGJfdJjHVETg=
github.com/jcmturner/goidentity/v6 v6.0.1 h1:VKnZd2oEIMorCTsFBnJWbExfNN7yZr3EhJAxwOkZg6o=
github.com/jcmturner/gokrb5/v8 v8.4.4 h1:x1Sv4HaTpepFkXbt2IkL29DXRf8sOfZXo8eRKh687T8=
github.com/jcmturner/rpc/v2 v2.0.3 h1:7FXXj8Ti1IaVFpSAziCZWNzbNuZmnvw/i6CqLNdWfZY=
github.com/klauspost/compress v1.18.0 h1:c/Cqfb0r+Yi+JtIEq73FWXVkRonBlf0CRNYc8Zttxdo=
github.com/kr/pretty v0.3.1 h1:flRD4NNwYAUpkphVc1HcthR4KEIFJ65n8Mw5qdRn3LE=
github.com/kr/text v0.2.0 h1:5Nx0Ya0ZqY2ygV366QzturHI13Jq95ApcVaJBhpS+AY=
github.com/pierrec/lz4/v4 v4.1.22 h1:cKFw6uJDK+/gfw5BcDL0JL5aBsAFdsIT18eRtLj7VIU=
github.com/pmezard/go-difflib v1.0.1-0.20181226105442-5d4384ee4fb2 h1:Jamvg5psRIccs7FGNTlIRMkT8wgtp5eCXdBlqhYGL6U=
github.com/rcrowley/go-metrics v0.0.0-20201227073835-cf1acfcdf475 h1:N/ElC8H3+5XpJzTSTfLsJV/mx9Q9g7kxmchpfZyxgzM=
github.com/rogpeppe/go-internal v1.14.1 h1:UQB4HGPB6osV0SQTLymcB4TgvyWu6ZyliaW0tI/otEQ=
github.com/stretchr/testify v1.11.1 h1:7s2iGBzp5EwR7/aIZr8ao5+dra3wiQyKjjFuvgVKu7U=
go.uber.org/mock v0.6.0 h1:hyF9dfmbgIX5EfOdasqLsWD6xqpNZlXblLB/Dbnwv3Y=
golang.org/x/crypto v0.42.0 h1:chiH31gIWm57EkTXpwnqf8qeuMUi0yekh6mT2AvFlqI=
golang.org/x/net v0.43.0 h1:lat02VYK2j4aLzMzecihNvTlJNQUq316m2Mr9rnM6YE=
golang.org/x/sync v0.17.0 h1:l60nONMj9l5drqw6jlhIELNv9I0A4OFgRsG9k2oT9Ug=
gopkg.in/check.v1 v1.0.0-20201130134442-10cb98267c6c h1:Hei/4ADfdWqJk1ZMxUNpqntNwaWcugrBjAiHlqqRiVk=
gopkg.in/yaml.v3 v3.0.1 h1:fxVm/GzAzEWqLHuvctI91KS9hhNmmWOoWu0XTYJS7CA=
